// !$*UTF8*$!
{
	archiveVersion = 1;
	classes = {
	};
	objectVersion = 46;
	objects = {

/* Begin PBXBuildFile section */
		821E32771BA2CD0C004C2EA4 /* AtViewController.swift in Sources */ = {isa = PBXBuildFile; fileRef = 821E32761BA2CD0C004C2EA4 /* AtViewController.swift */; };
		823F34A31BB6944600A2F712 /* AtColor.swift in Sources */ = {isa = PBXBuildFile; fileRef = 823F34A21BB6944600A2F712 /* AtColor.swift */; };
		8263F5801BAD63D700432E7B /* AtImageViewExtension.swift in Sources */ = {isa = PBXBuildFile; fileRef = 8263F57F1BAD63D700432E7B /* AtImageViewExtension.swift */; };
		82694DEC1BAF0066002E11D3 /* PhotoDetailCard.swift in Sources */ = {isa = PBXBuildFile; fileRef = 82694DEB1BAF0066002E11D3 /* PhotoDetailCard.swift */; };
		82694DEE1BAF0F94002E11D3 /* AtScrollViewDelegate.swift in Sources */ = {isa = PBXBuildFile; fileRef = 82694DED1BAF0F94002E11D3 /* AtScrollViewDelegate.swift */; };
		829077231BA827B3006C0159 /* NavigationBackgroundView.swift in Sources */ = {isa = PBXBuildFile; fileRef = 829077221BA827B3006C0159 /* NavigationBackgroundView.swift */; };
		829077251BA936DB006C0159 /* ActivitySearchCell.swift in Sources */ = {isa = PBXBuildFile; fileRef = 829077241BA936DB006C0159 /* ActivitySearchCell.swift */; };
		829077271BA936EC006C0159 /* ActivitySearchView.swift in Sources */ = {isa = PBXBuildFile; fileRef = 829077261BA936EC006C0159 /* ActivitySearchView.swift */; };
		829077291BA95780006C0159 /* AtTableView.swift in Sources */ = {isa = PBXBuildFile; fileRef = 829077281BA95780006C0159 /* AtTableView.swift */; };
		8290772F1BA95A16006C0159 /* AtLoadMoreFootView.swift in Sources */ = {isa = PBXBuildFile; fileRef = 8290772E1BA95A16006C0159 /* AtLoadMoreFootView.swift */; };
		829077311BA96F30006C0159 /* ActivitySearchViewController.swift in Sources */ = {isa = PBXBuildFile; fileRef = 829077301BA96F30006C0159 /* ActivitySearchViewController.swift */; };
		829077331BA985C5006C0159 /* AtIdentifies.swift in Sources */ = {isa = PBXBuildFile; fileRef = 829077321BA985C5006C0159 /* AtIdentifies.swift */; };
		829077371BAA8B1D006C0159 /* PhotoDetailViewController.swift in Sources */ = {isa = PBXBuildFile; fileRef = 829077361BAA8B1D006C0159 /* PhotoDetailViewController.swift */; };
		829077391BAA8F85006C0159 /* AtSearchBar.swift in Sources */ = {isa = PBXBuildFile; fileRef = 829077381BAA8F85006C0159 /* AtSearchBar.swift */; };
		82A0A6C51BA2A4F6005AD107 /* ActivityPhoto.swift in Sources */ = {isa = PBXBuildFile; fileRef = 82A0A6C41BA2A4F6005AD107 /* ActivityPhoto.swift */; };
		82A0A6C91BA2A574005AD107 /* ActivityPhotosViewController.swift in Sources */ = {isa = PBXBuildFile; fileRef = 82A0A6C81BA2A574005AD107 /* ActivityPhotosViewController.swift */; };
		82A0A6CF1BA2A7BA005AD107 /* AtCollectionView.swift in Sources */ = {isa = PBXBuildFile; fileRef = 82A0A6CE1BA2A7BA005AD107 /* AtCollectionView.swift */; };
		82A0A6D11BA2A80E005AD107 /* ActivityPhotosView.swift in Sources */ = {isa = PBXBuildFile; fileRef = 82A0A6D01BA2A80E005AD107 /* ActivityPhotosView.swift */; };
		82AA65C81BA6567100B4BD01 /* AtHttpClient.swift in Sources */ = {isa = PBXBuildFile; fileRef = 82AA65C71BA6567100B4BD01 /* AtHttpClient.swift */; };
		82AA65D91BA6BABE00B4BD01 /* PhotographerBarView.swift in Sources */ = {isa = PBXBuildFile; fileRef = 82AA65D81BA6BABE00B4BD01 /* PhotographerBarView.swift */; };
		82AA65DB1BA6C07100B4BD01 /* SeperateBarView.swift in Sources */ = {isa = PBXBuildFile; fileRef = 82AA65DA1BA6C07100B4BD01 /* SeperateBarView.swift */; };
		82AA65DF1BA6D6F500B4BD01 /* UIColorExtensions.swift in Sources */ = {isa = PBXBuildFile; fileRef = 82AA65DE1BA6D6F500B4BD01 /* UIColorExtensions.swift */; };
		82AA65E11BA6E5D300B4BD01 /* SeperateBarButton.swift in Sources */ = {isa = PBXBuildFile; fileRef = 82AA65E01BA6E5D300B4BD01 /* SeperateBarButton.swift */; };
		82BF11D31BA7C6240042438D /* PhotographerBarButton.swift in Sources */ = {isa = PBXBuildFile; fileRef = 82BF11D21BA7C6240042438D /* PhotographerBarButton.swift */; };
		82BF11D51BA7D3400042438D /* Photographer.swift in Sources */ = {isa = PBXBuildFile; fileRef = 82BF11D41BA7D3400042438D /* Photographer.swift */; };
		82CBB9E31BB51D23003CF35A /* AtNavigationDelegate.swift in Sources */ = {isa = PBXBuildFile; fileRef = 82CBB9E21BB51D23003CF35A /* AtNavigationDelegate.swift */; };
		82CBB9E71BB52D0D003CF35A /* PropertyLikeCountButton.swift in Sources */ = {isa = PBXBuildFile; fileRef = 82CBB9E61BB52D0D003CF35A /* PropertyLikeCountButton.swift */; };
		82CBB9E91BB52D28003CF35A /* PropertyButton.swift in Sources */ = {isa = PBXBuildFile; fileRef = 82CBB9E81BB52D28003CF35A /* PropertyButton.swift */; };
		82CBB9EB1BB53273003CF35A /* DetailPropertyButtonGroup.swift in Sources */ = {isa = PBXBuildFile; fileRef = 82CBB9EA1BB53273003CF35A /* DetailPropertyButtonGroup.swift */; };
		82CBB9F51BB55896003CF35A /* AtFontIcon.swift in Sources */ = {isa = PBXBuildFile; fileRef = 82CBB9F41BB55896003CF35A /* AtFontIcon.swift */; };
		82CBB9F71BB55B8F003CF35A /* iconfont.ttf in Resources */ = {isa = PBXBuildFile; fileRef = 82CBB9F61BB55B84003CF35A /* iconfont.ttf */; };
		82CBB9F91BB56F8C003CF35A /* PropertyCommentButton.swift in Sources */ = {isa = PBXBuildFile; fileRef = 82CBB9F81BB56F8C003CF35A /* PropertyCommentButton.swift */; };
		82CBB9FB1BB56FC6003CF35A /* PropertyShareButton.swift in Sources */ = {isa = PBXBuildFile; fileRef = 82CBB9FA1BB56FC6003CF35A /* PropertyShareButton.swift */; };
		82CBB9FD1BB56FD3003CF35A /* PropertyDownloadButton.swift in Sources */ = {isa = PBXBuildFile; fileRef = 82CBB9FC1BB56FD3003CF35A /* PropertyDownloadButton.swift */; };
		82D76CBD1BAC26B60051D27E /* FollowPhotographerButton.swift in Sources */ = {isa = PBXBuildFile; fileRef = 82D76CBC1BAC26B60051D27E /* FollowPhotographerButton.swift */; };
		82D76CC11BACF03E0051D27E /* AtCacheManager.swift in Sources */ = {isa = PBXBuildFile; fileRef = 82D76CC01BACF03E0051D27E /* AtCacheManager.swift */; };
		82E927681BAADCA2002878F5 /* PhotoDetail.swift in Sources */ = {isa = PBXBuildFile; fileRef = 82E927671BAADCA2002878F5 /* PhotoDetail.swift */; };
		82E9276A1BAAEF62002878F5 /* AtPhotoPropertyView.swift in Sources */ = {isa = PBXBuildFile; fileRef = 82E927691BAAEF62002878F5 /* AtPhotoPropertyView.swift */; };
		82F1B31E1BA02BC000B4E8F7 /* AppDelegate.swift in Sources */ = {isa = PBXBuildFile; fileRef = 82F1B31D1BA02BC000B4E8F7 /* AppDelegate.swift */; };
		82F1B3211BA02BC000B4E8F7 /* alltuu.xcdatamodeld in Sources */ = {isa = PBXBuildFile; fileRef = 82F1B31F1BA02BC000B4E8F7 /* alltuu.xcdatamodeld */; };
		82F1B3261BA02BC000B4E8F7 /* Main.storyboard in Resources */ = {isa = PBXBuildFile; fileRef = 82F1B3241BA02BC000B4E8F7 /* Main.storyboard */; };
		82F1B3281BA02BC000B4E8F7 /* Images.xcassets in Resources */ = {isa = PBXBuildFile; fileRef = 82F1B3271BA02BC000B4E8F7 /* Images.xcassets */; };
		82F1B3371BA02BC000B4E8F7 /* alltuuTests.swift in Sources */ = {isa = PBXBuildFile; fileRef = 82F1B3361BA02BC000B4E8F7 /* alltuuTests.swift */; };
		82F1B3441BA02D4700B4E8F7 /* ActivityView.swift in Sources */ = {isa = PBXBuildFile; fileRef = 82F1B3401BA02D4700B4E8F7 /* ActivityView.swift */; };
		82F1B3461BA02D4700B4E8F7 /* Activity.swift in Sources */ = {isa = PBXBuildFile; fileRef = 82F1B3421BA02D4700B4E8F7 /* Activity.swift */; };
		82F1B3471BA02D4700B4E8F7 /* ActivityCell.swift in Sources */ = {isa = PBXBuildFile; fileRef = 82F1B3431BA02D4700B4E8F7 /* ActivityCell.swift */; };
		82F1B3491BA02DAB00B4E8F7 /* loading.jpg in Resources */ = {isa = PBXBuildFile; fileRef = 82F1B3481BA02DAB00B4E8F7 /* loading.jpg */; };
		82F1B3561BA0322F00B4E8F7 /* Pods.framework in Frameworks */ = {isa = PBXBuildFile; fileRef = 0680613B53CF69D1D4C416C0 /* Pods.framework */; };
		82F1B35A1BA0360600B4E8F7 /* Pods.framework in Embed Frameworks */ = {isa = PBXBuildFile; fileRef = 0680613B53CF69D1D4C416C0 /* Pods.framework */; settings = {ATTRIBUTES = (CodeSignOnCopy, RemoveHeadersOnCopy, ); }; };
		82F1B3601BA09FE300B4E8F7 /* ActivitiesViewController.swift in Sources */ = {isa = PBXBuildFile; fileRef = 82F1B35F1BA09FE300B4E8F7 /* ActivitiesViewController.swift */; };
		82F1B3981BA17DA600B4E8F7 /* Seperate.swift in Sources */ = {isa = PBXBuildFile; fileRef = 82F1B3971BA17DA600B4E8F7 /* Seperate.swift */; };
		82F1B39A1BA2868700B4E8F7 /* ActivityPhotoCell.swift in Sources */ = {isa = PBXBuildFile; fileRef = 82F1B3991BA2868700B4E8F7 /* ActivityPhotoCell.swift */; };
		82F1B3A21BA288D500B4E8F7 /* ActivityPhotoZoomingView.swift in Sources */ = {isa = PBXBuildFile; fileRef = 82F1B3A11BA288D500B4E8F7 /* ActivityPhotoZoomingView.swift */; };
/* End PBXBuildFile section */

/* Begin PBXContainerItemProxy section */
		82F1B3311BA02BC000B4E8F7 /* PBXContainerItemProxy */ = {
			isa = PBXContainerItemProxy;
			containerPortal = 82F1B3101BA02BC000B4E8F7 /* Project object */;
			proxyType = 1;
			remoteGlobalIDString = 82F1B3171BA02BC000B4E8F7;
			remoteInfo = alltuu;
		};
/* End PBXContainerItemProxy section */

/* Begin PBXCopyFilesBuildPhase section */
		82F1B35B1BA0360600B4E8F7 /* Embed Frameworks */ = {
			isa = PBXCopyFilesBuildPhase;
			buildActionMask = 2147483647;
			dstPath = "";
			dstSubfolderSpec = 10;
			files = (
				82F1B35A1BA0360600B4E8F7 /* Pods.framework in Embed Frameworks */,
			);
			name = "Embed Frameworks";
			runOnlyForDeploymentPostprocessing = 0;
		};
/* End PBXCopyFilesBuildPhase section */

/* Begin PBXFileReference section */
		0680613B53CF69D1D4C416C0 /* Pods.framework */ = {isa = PBXFileReference; explicitFileType = wrapper.framework; includeInIndex = 0; path = Pods.framework; sourceTree = BUILT_PRODUCTS_DIR; };
		37237399CD62F383A56A9519 /* Pods.debug.xcconfig */ = {isa = PBXFileReference; includeInIndex = 1; lastKnownFileType = text.xcconfig; name = Pods.debug.xcconfig; path = "Pods/Target Support Files/Pods/Pods.debug.xcconfig"; sourceTree = "<group>"; };
		821E32761BA2CD0C004C2EA4 /* AtViewController.swift */ = {isa = PBXFileReference; fileEncoding = 4; lastKnownFileType = sourcecode.swift; path = AtViewController.swift; sourceTree = "<group>"; };
		823F34A21BB6944600A2F712 /* AtColor.swift */ = {isa = PBXFileReference; fileEncoding = 4; lastKnownFileType = sourcecode.swift; path = AtColor.swift; sourceTree = "<group>"; };
		8263F57F1BAD63D700432E7B /* AtImageViewExtension.swift */ = {isa = PBXFileReference; fileEncoding = 4; lastKnownFileType = sourcecode.swift; path = AtImageViewExtension.swift; sourceTree = "<group>"; };
		82694DEB1BAF0066002E11D3 /* PhotoDetailCard.swift */ = {isa = PBXFileReference; fileEncoding = 4; lastKnownFileType = sourcecode.swift; path = PhotoDetailCard.swift; sourceTree = "<group>"; };
		82694DED1BAF0F94002E11D3 /* AtScrollViewDelegate.swift */ = {isa = PBXFileReference; fileEncoding = 4; lastKnownFileType = sourcecode.swift; path = AtScrollViewDelegate.swift; sourceTree = "<group>"; };
		829077221BA827B3006C0159 /* NavigationBackgroundView.swift */ = {isa = PBXFileReference; fileEncoding = 4; lastKnownFileType = sourcecode.swift; path = NavigationBackgroundView.swift; sourceTree = "<group>"; };
		829077241BA936DB006C0159 /* ActivitySearchCell.swift */ = {isa = PBXFileReference; fileEncoding = 4; lastKnownFileType = sourcecode.swift; path = ActivitySearchCell.swift; sourceTree = "<group>"; };
		829077261BA936EC006C0159 /* ActivitySearchView.swift */ = {isa = PBXFileReference; fileEncoding = 4; lastKnownFileType = sourcecode.swift; path = ActivitySearchView.swift; sourceTree = "<group>"; };
		829077281BA95780006C0159 /* AtTableView.swift */ = {isa = PBXFileReference; fileEncoding = 4; lastKnownFileType = sourcecode.swift; path = AtTableView.swift; sourceTree = "<group>"; };
		8290772E1BA95A16006C0159 /* AtLoadMoreFootView.swift */ = {isa = PBXFileReference; fileEncoding = 4; lastKnownFileType = sourcecode.swift; path = AtLoadMoreFootView.swift; sourceTree = "<group>"; };
		829077301BA96F30006C0159 /* ActivitySearchViewController.swift */ = {isa = PBXFileReference; fileEncoding = 4; lastKnownFileType = sourcecode.swift; path = ActivitySearchViewController.swift; sourceTree = "<group>"; };
		829077321BA985C5006C0159 /* AtIdentifies.swift */ = {isa = PBXFileReference; fileEncoding = 4; lastKnownFileType = sourcecode.swift; path = AtIdentifies.swift; sourceTree = "<group>"; };
		829077361BAA8B1D006C0159 /* PhotoDetailViewController.swift */ = {isa = PBXFileReference; fileEncoding = 4; lastKnownFileType = sourcecode.swift; path = PhotoDetailViewController.swift; sourceTree = "<group>"; };
		829077381BAA8F85006C0159 /* AtSearchBar.swift */ = {isa = PBXFileReference; fileEncoding = 4; lastKnownFileType = sourcecode.swift; path = AtSearchBar.swift; sourceTree = "<group>"; };
		82A0A6C41BA2A4F6005AD107 /* ActivityPhoto.swift */ = {isa = PBXFileReference; fileEncoding = 4; lastKnownFileType = sourcecode.swift; path = ActivityPhoto.swift; sourceTree = "<group>"; };
		82A0A6C81BA2A574005AD107 /* ActivityPhotosViewController.swift */ = {isa = PBXFileReference; fileEncoding = 4; lastKnownFileType = sourcecode.swift; path = ActivityPhotosViewController.swift; sourceTree = "<group>"; };
		82A0A6CE1BA2A7BA005AD107 /* AtCollectionView.swift */ = {isa = PBXFileReference; fileEncoding = 4; lastKnownFileType = sourcecode.swift; path = AtCollectionView.swift; sourceTree = "<group>"; };
		82A0A6D01BA2A80E005AD107 /* ActivityPhotosView.swift */ = {isa = PBXFileReference; fileEncoding = 4; lastKnownFileType = sourcecode.swift; path = ActivityPhotosView.swift; sourceTree = "<group>"; };
		82AA65C71BA6567100B4BD01 /* AtHttpClient.swift */ = {isa = PBXFileReference; fileEncoding = 4; lastKnownFileType = sourcecode.swift; path = AtHttpClient.swift; sourceTree = "<group>"; };
		82AA65D81BA6BABE00B4BD01 /* PhotographerBarView.swift */ = {isa = PBXFileReference; fileEncoding = 4; lastKnownFileType = sourcecode.swift; path = PhotographerBarView.swift; sourceTree = "<group>"; };
		82AA65DA1BA6C07100B4BD01 /* SeperateBarView.swift */ = {isa = PBXFileReference; fileEncoding = 4; lastKnownFileType = sourcecode.swift; path = SeperateBarView.swift; sourceTree = "<group>"; };
		82AA65DE1BA6D6F500B4BD01 /* UIColorExtensions.swift */ = {isa = PBXFileReference; fileEncoding = 4; lastKnownFileType = sourcecode.swift; path = UIColorExtensions.swift; sourceTree = "<group>"; };
		82AA65E01BA6E5D300B4BD01 /* SeperateBarButton.swift */ = {isa = PBXFileReference; fileEncoding = 4; lastKnownFileType = sourcecode.swift; path = SeperateBarButton.swift; sourceTree = "<group>"; };
		82BF11D21BA7C6240042438D /* PhotographerBarButton.swift */ = {isa = PBXFileReference; fileEncoding = 4; lastKnownFileType = sourcecode.swift; path = PhotographerBarButton.swift; sourceTree = "<group>"; };
		82BF11D41BA7D3400042438D /* Photographer.swift */ = {isa = PBXFileReference; fileEncoding = 4; lastKnownFileType = sourcecode.swift; path = Photographer.swift; sourceTree = "<group>"; };
		82CBB9E21BB51D23003CF35A /* AtNavigationDelegate.swift */ = {isa = PBXFileReference; fileEncoding = 4; lastKnownFileType = sourcecode.swift; path = AtNavigationDelegate.swift; sourceTree = "<group>"; };
		82CBB9E61BB52D0D003CF35A /* PropertyLikeCountButton.swift */ = {isa = PBXFileReference; fileEncoding = 4; lastKnownFileType = sourcecode.swift; path = PropertyLikeCountButton.swift; sourceTree = "<group>"; };
		82CBB9E81BB52D28003CF35A /* PropertyButton.swift */ = {isa = PBXFileReference; fileEncoding = 4; lastKnownFileType = sourcecode.swift; path = PropertyButton.swift; sourceTree = "<group>"; };
		82CBB9EA1BB53273003CF35A /* DetailPropertyButtonGroup.swift */ = {isa = PBXFileReference; fileEncoding = 4; lastKnownFileType = sourcecode.swift; path = DetailPropertyButtonGroup.swift; sourceTree = "<group>"; };
		82CBB9F41BB55896003CF35A /* AtFontIcon.swift */ = {isa = PBXFileReference; fileEncoding = 4; lastKnownFileType = sourcecode.swift; path = AtFontIcon.swift; sourceTree = "<group>"; };
		82CBB9F61BB55B84003CF35A /* iconfont.ttf */ = {isa = PBXFileReference; lastKnownFileType = file; path = iconfont.ttf; sourceTree = "<group>"; };
		82CBB9F81BB56F8C003CF35A /* PropertyCommentButton.swift */ = {isa = PBXFileReference; fileEncoding = 4; lastKnownFileType = sourcecode.swift; path = PropertyCommentButton.swift; sourceTree = "<group>"; };
		82CBB9FA1BB56FC6003CF35A /* PropertyShareButton.swift */ = {isa = PBXFileReference; fileEncoding = 4; lastKnownFileType = sourcecode.swift; path = PropertyShareButton.swift; sourceTree = "<group>"; };
		82CBB9FC1BB56FD3003CF35A /* PropertyDownloadButton.swift */ = {isa = PBXFileReference; fileEncoding = 4; lastKnownFileType = sourcecode.swift; path = PropertyDownloadButton.swift; sourceTree = "<group>"; };
		82D76CBC1BAC26B60051D27E /* FollowPhotographerButton.swift */ = {isa = PBXFileReference; fileEncoding = 4; lastKnownFileType = sourcecode.swift; path = FollowPhotographerButton.swift; sourceTree = "<group>"; };
		82D76CC01BACF03E0051D27E /* AtCacheManager.swift */ = {isa = PBXFileReference; fileEncoding = 4; lastKnownFileType = sourcecode.swift; path = AtCacheManager.swift; sourceTree = "<group>"; };
		82E927671BAADCA2002878F5 /* PhotoDetail.swift */ = {isa = PBXFileReference; fileEncoding = 4; lastKnownFileType = sourcecode.swift; path = PhotoDetail.swift; sourceTree = "<group>"; };
		82E927691BAAEF62002878F5 /* AtPhotoPropertyView.swift */ = {isa = PBXFileReference; fileEncoding = 4; lastKnownFileType = sourcecode.swift; path = AtPhotoPropertyView.swift; sourceTree = "<group>"; };
		82F1B3181BA02BC000B4E8F7 /* alltuu.app */ = {isa = PBXFileReference; explicitFileType = wrapper.application; includeInIndex = 0; path = alltuu.app; sourceTree = BUILT_PRODUCTS_DIR; };
		82F1B31C1BA02BC000B4E8F7 /* Info.plist */ = {isa = PBXFileReference; lastKnownFileType = text.plist.xml; path = Info.plist; sourceTree = "<group>"; };
		82F1B31D1BA02BC000B4E8F7 /* AppDelegate.swift */ = {isa = PBXFileReference; lastKnownFileType = sourcecode.swift; path = AppDelegate.swift; sourceTree = "<group>"; };
		82F1B3201BA02BC000B4E8F7 /* alltuu.xcdatamodel */ = {isa = PBXFileReference; lastKnownFileType = wrapper.xcdatamodel; path = alltuu.xcdatamodel; sourceTree = "<group>"; };
		82F1B3251BA02BC000B4E8F7 /* Base */ = {isa = PBXFileReference; lastKnownFileType = file.storyboard; name = Base; path = Base.lproj/Main.storyboard; sourceTree = "<group>"; };
		82F1B3271BA02BC000B4E8F7 /* Images.xcassets */ = {isa = PBXFileReference; lastKnownFileType = folder.assetcatalog; path = Images.xcassets; sourceTree = "<group>"; };
		82F1B3301BA02BC000B4E8F7 /* alltuuTests.xctest */ = {isa = PBXFileReference; explicitFileType = wrapper.cfbundle; includeInIndex = 0; path = alltuuTests.xctest; sourceTree = BUILT_PRODUCTS_DIR; };
		82F1B3351BA02BC000B4E8F7 /* Info.plist */ = {isa = PBXFileReference; lastKnownFileType = text.plist.xml; path = Info.plist; sourceTree = "<group>"; };
		82F1B3361BA02BC000B4E8F7 /* alltuuTests.swift */ = {isa = PBXFileReference; lastKnownFileType = sourcecode.swift; path = alltuuTests.swift; sourceTree = "<group>"; };
		82F1B3401BA02D4700B4E8F7 /* ActivityView.swift */ = {isa = PBXFileReference; fileEncoding = 4; lastKnownFileType = sourcecode.swift; path = ActivityView.swift; sourceTree = "<group>"; };
		82F1B3421BA02D4700B4E8F7 /* Activity.swift */ = {isa = PBXFileReference; fileEncoding = 4; lastKnownFileType = sourcecode.swift; path = Activity.swift; sourceTree = "<group>"; };
		82F1B3431BA02D4700B4E8F7 /* ActivityCell.swift */ = {isa = PBXFileReference; fileEncoding = 4; lastKnownFileType = sourcecode.swift; path = ActivityCell.swift; sourceTree = "<group>"; };
		82F1B3481BA02DAB00B4E8F7 /* loading.jpg */ = {isa = PBXFileReference; lastKnownFileType = image.jpeg; path = loading.jpg; sourceTree = "<group>"; };
		82F1B35F1BA09FE300B4E8F7 /* ActivitiesViewController.swift */ = {isa = PBXFileReference; fileEncoding = 4; lastKnownFileType = sourcecode.swift; path = ActivitiesViewController.swift; sourceTree = "<group>"; };
		82F1B3971BA17DA600B4E8F7 /* Seperate.swift */ = {isa = PBXFileReference; fileEncoding = 4; lastKnownFileType = sourcecode.swift; path = Seperate.swift; sourceTree = "<group>"; };
		82F1B3991BA2868700B4E8F7 /* ActivityPhotoCell.swift */ = {isa = PBXFileReference; fileEncoding = 4; lastKnownFileType = sourcecode.swift; path = ActivityPhotoCell.swift; sourceTree = "<group>"; };
		82F1B3A11BA288D500B4E8F7 /* ActivityPhotoZoomingView.swift */ = {isa = PBXFileReference; fileEncoding = 4; lastKnownFileType = sourcecode.swift; path = ActivityPhotoZoomingView.swift; sourceTree = "<group>"; };
		DCB93D5F998AD74401A46E1A /* Pods.release.xcconfig */ = {isa = PBXFileReference; includeInIndex = 1; lastKnownFileType = text.xcconfig; name = Pods.release.xcconfig; path = "Pods/Target Support Files/Pods/Pods.release.xcconfig"; sourceTree = "<group>"; };
/* End PBXFileReference section */

/* Begin PBXFrameworksBuildPhase section */
		82F1B3151BA02BC000B4E8F7 /* Frameworks */ = {
			isa = PBXFrameworksBuildPhase;
			buildActionMask = 2147483647;
			files = (
				82F1B3561BA0322F00B4E8F7 /* Pods.framework in Frameworks */,
			);
			runOnlyForDeploymentPostprocessing = 0;
		};
		82F1B32D1BA02BC000B4E8F7 /* Frameworks */ = {
			isa = PBXFrameworksBuildPhase;
			buildActionMask = 2147483647;
			files = (
			);
			runOnlyForDeploymentPostprocessing = 0;
		};
/* End PBXFrameworksBuildPhase section */

/* Begin PBXGroup section */
		35C3AA7D000633B04B8FDD2C /* Frameworks */ = {
			isa = PBXGroup;
			children = (
				0680613B53CF69D1D4C416C0 /* Pods.framework */,
			);
			name = Frameworks;
			sourceTree = "<group>";
		};
		821E327A1BA2D638004C2EA4 /* utils */ = {
			isa = PBXGroup;
			children = (
				82D76CC01BACF03E0051D27E /* AtCacheManager.swift */,
				82AA65C71BA6567100B4BD01 /* AtHttpClient.swift */,
				823F34A21BB6944600A2F712 /* AtColor.swift */,
				829077321BA985C5006C0159 /* AtIdentifies.swift */,
				82CBB9F41BB55896003CF35A /* AtFontIcon.swift */,
			);
			name = utils;
			sourceTree = "<group>";
		};
		825583A21BAEC8CF00C2CFDC /* delegates */ = {
			isa = PBXGroup;
			children = (
				82694DED1BAF0F94002E11D3 /* AtScrollViewDelegate.swift */,
				82CBB9E21BB51D23003CF35A /* AtNavigationDelegate.swift */,
			);
			name = delegates;
			sourceTree = "<group>";
		};
		8263F5811BAD66B900432E7B /* extensions */ = {
			isa = PBXGroup;
			children = (
				82AA65DE1BA6D6F500B4BD01 /* UIColorExtensions.swift */,
				8263F57F1BAD63D700432E7B /* AtImageViewExtension.swift */,
			);
			name = extensions;
			sourceTree = "<group>";
		};
		8290772A1BA9583A006C0159 /* AtBaseView */ = {
			isa = PBXGroup;
			children = (
				829077221BA827B3006C0159 /* NavigationBackgroundView.swift */,
				82A0A6CE1BA2A7BA005AD107 /* AtCollectionView.swift */,
				829077281BA95780006C0159 /* AtTableView.swift */,
				8290772E1BA95A16006C0159 /* AtLoadMoreFootView.swift */,
				829077381BAA8F85006C0159 /* AtSearchBar.swift */,
			);
			name = AtBaseView;
			sourceTree = "<group>";
		};
		8290772B1BA95884006C0159 /* AtBaseController */ = {
			isa = PBXGroup;
			children = (
				821E32761BA2CD0C004C2EA4 /* AtViewController.swift */,
			);
			name = AtBaseController;
			sourceTree = "<group>";
		};
		8290772C1BA9589C006C0159 /* views */ = {
			isa = PBXGroup;
			children = (
				8290772A1BA9583A006C0159 /* AtBaseView */,
				82F1B3431BA02D4700B4E8F7 /* ActivityCell.swift */,
				82F1B3991BA2868700B4E8F7 /* ActivityPhotoCell.swift */,
				82A0A6D01BA2A80E005AD107 /* ActivityPhotosView.swift */,
				82F1B3A11BA288D500B4E8F7 /* ActivityPhotoZoomingView.swift */,
				829077241BA936DB006C0159 /* ActivitySearchCell.swift */,
				829077261BA936EC006C0159 /* ActivitySearchView.swift */,
				82F1B3401BA02D4700B4E8F7 /* ActivityView.swift */,
				82BF11D21BA7C6240042438D /* PhotographerBarButton.swift */,
				82AA65D81BA6BABE00B4BD01 /* PhotographerBarView.swift */,
				82AA65DA1BA6C07100B4BD01 /* SeperateBarView.swift */,
				82AA65E01BA6E5D300B4BD01 /* SeperateBarButton.swift */,
				82E927691BAAEF62002878F5 /* AtPhotoPropertyView.swift */,
				82D76CBC1BAC26B60051D27E /* FollowPhotographerButton.swift */,
				82694DEB1BAF0066002E11D3 /* PhotoDetailCard.swift */,
				82CBB9E61BB52D0D003CF35A /* PropertyLikeCountButton.swift */,
				82CBB9FA1BB56FC6003CF35A /* PropertyShareButton.swift */,
				82CBB9FC1BB56FD3003CF35A /* PropertyDownloadButton.swift */,
				82CBB9F81BB56F8C003CF35A /* PropertyCommentButton.swift */,
				82CBB9EA1BB53273003CF35A /* DetailPropertyButtonGroup.swift */,
				82CBB9E81BB52D28003CF35A /* PropertyButton.swift */,
			);
			name = views;
			sourceTree = "<group>";
		};
		8290772D1BA958DA006C0159 /* controllers */ = {
			isa = PBXGroup;
			children = (
				8290772B1BA95884006C0159 /* AtBaseController */,
				82F1B35F1BA09FE300B4E8F7 /* ActivitiesViewController.swift */,
				82A0A6C81BA2A574005AD107 /* ActivityPhotosViewController.swift */,
				829077301BA96F30006C0159 /* ActivitySearchViewController.swift */,
				829077361BAA8B1D006C0159 /* PhotoDetailViewController.swift */,
			);
			name = controllers;
			sourceTree = "<group>";
		};
		82F1B30F1BA02BC000B4E8F7 = {
			isa = PBXGroup;
			children = (
				82F1B3241BA02BC000B4E8F7 /* Main.storyboard */,
				82F1B31A1BA02BC000B4E8F7 /* alltuu */,
				82F1B3331BA02BC000B4E8F7 /* alltuuTests */,
				82F1B3191BA02BC000B4E8F7 /* Products */,
				BBD17FAF3A3ED17E61889F6D /* Pods */,
				35C3AA7D000633B04B8FDD2C /* Frameworks */,
			);
			sourceTree = "<group>";
		};
		82F1B3191BA02BC000B4E8F7 /* Products */ = {
			isa = PBXGroup;
			children = (
				82F1B3181BA02BC000B4E8F7 /* alltuu.app */,
				82F1B3301BA02BC000B4E8F7 /* alltuuTests.xctest */,
			);
			name = Products;
			sourceTree = "<group>";
		};
		82F1B31A1BA02BC000B4E8F7 /* alltuu */ = {
			isa = PBXGroup;
			children = (
				8290772D1BA958DA006C0159 /* controllers */,
				8290772C1BA9589C006C0159 /* views */,
				825583A21BAEC8CF00C2CFDC /* delegates */,
				82F1B3961BA17D8600B4E8F7 /* entity */,
				821E327A1BA2D638004C2EA4 /* utils */,
				8263F5811BAD66B900432E7B /* extensions */,
				82F1B31B1BA02BC000B4E8F7 /* Supporting Files */,
			);
			path = alltuu;
			sourceTree = "<group>";
		};
		82F1B31B1BA02BC000B4E8F7 /* Supporting Files */ = {
			isa = PBXGroup;
			children = (
				82CBB9F61BB55B84003CF35A /* iconfont.ttf */,
				82F1B3481BA02DAB00B4E8F7 /* loading.jpg */,
				82F1B31D1BA02BC000B4E8F7 /* AppDelegate.swift */,
				82F1B3271BA02BC000B4E8F7 /* Images.xcassets */,
				82F1B31F1BA02BC000B4E8F7 /* alltuu.xcdatamodeld */,
				82F1B31C1BA02BC000B4E8F7 /* Info.plist */,
			);
			name = "Supporting Files";
			sourceTree = "<group>";
		};
		82F1B3331BA02BC000B4E8F7 /* alltuuTests */ = {
			isa = PBXGroup;
			children = (
				82F1B3361BA02BC000B4E8F7 /* alltuuTests.swift */,
				82F1B3341BA02BC000B4E8F7 /* Supporting Files */,
			);
			path = alltuuTests;
			sourceTree = "<group>";
		};
		82F1B3341BA02BC000B4E8F7 /* Supporting Files */ = {
			isa = PBXGroup;
			children = (
				82F1B3351BA02BC000B4E8F7 /* Info.plist */,
			);
			name = "Supporting Files";
			sourceTree = "<group>";
		};
		82F1B3961BA17D8600B4E8F7 /* entity */ = {
			isa = PBXGroup;
			children = (
				82F1B3421BA02D4700B4E8F7 /* Activity.swift */,
				82F1B3971BA17DA600B4E8F7 /* Seperate.swift */,
				82A0A6C41BA2A4F6005AD107 /* ActivityPhoto.swift */,
				82BF11D41BA7D3400042438D /* Photographer.swift */,
				82E927671BAADCA2002878F5 /* PhotoDetail.swift */,
			);
			name = entity;
			sourceTree = "<group>";
		};
		BBD17FAF3A3ED17E61889F6D /* Pods */ = {
			isa = PBXGroup;
			children = (
				37237399CD62F383A56A9519 /* Pods.debug.xcconfig */,
				DCB93D5F998AD74401A46E1A /* Pods.release.xcconfig */,
			);
			name = Pods;
			sourceTree = "<group>";
		};
/* End PBXGroup section */

/* Begin PBXNativeTarget section */
		82F1B3171BA02BC000B4E8F7 /* alltuu */ = {
			isa = PBXNativeTarget;
			buildConfigurationList = 82F1B33A1BA02BC000B4E8F7 /* Build configuration list for PBXNativeTarget "alltuu" */;
			buildPhases = (
				8CE2F612F0B5B8D60D4E9655 /* Check Pods Manifest.lock */,
				82F1B3141BA02BC000B4E8F7 /* Sources */,
				82F1B3151BA02BC000B4E8F7 /* Frameworks */,
				82F1B3161BA02BC000B4E8F7 /* Resources */,
				A8B428C49E8D0A6CC5EF3AC0 /* Embed Pods Frameworks */,
				ABB4AB83555A4763BB5A550B /* Copy Pods Resources */,
				82F1B35B1BA0360600B4E8F7 /* Embed Frameworks */,
			);
			buildRules = (
			);
			dependencies = (
			);
			name = alltuu;
			productName = alltuu;
			productReference = 82F1B3181BA02BC000B4E8F7 /* alltuu.app */;
			productType = "com.apple.product-type.application";
		};
		82F1B32F1BA02BC000B4E8F7 /* alltuuTests */ = {
			isa = PBXNativeTarget;
			buildConfigurationList = 82F1B33D1BA02BC000B4E8F7 /* Build configuration list for PBXNativeTarget "alltuuTests" */;
			buildPhases = (
				82F1B32C1BA02BC000B4E8F7 /* Sources */,
				82F1B32D1BA02BC000B4E8F7 /* Frameworks */,
				82F1B32E1BA02BC000B4E8F7 /* Resources */,
			);
			buildRules = (
			);
			dependencies = (
				82F1B3321BA02BC000B4E8F7 /* PBXTargetDependency */,
			);
			name = alltuuTests;
			productName = alltuuTests;
			productReference = 82F1B3301BA02BC000B4E8F7 /* alltuuTests.xctest */;
			productType = "com.apple.product-type.bundle.unit-test";
		};
/* End PBXNativeTarget section */

/* Begin PBXProject section */
		82F1B3101BA02BC000B4E8F7 /* Project object */ = {
			isa = PBXProject;
			attributes = {
				LastUpgradeCheck = 0640;
				ORGANIZATIONNAME = Alltuu;
				TargetAttributes = {
					82F1B3171BA02BC000B4E8F7 = {
						CreatedOnToolsVersion = 6.4;
					};
					82F1B32F1BA02BC000B4E8F7 = {
						CreatedOnToolsVersion = 6.4;
						TestTargetID = 82F1B3171BA02BC000B4E8F7;
					};
				};
			};
			buildConfigurationList = 82F1B3131BA02BC000B4E8F7 /* Build configuration list for PBXProject "alltuu" */;
			compatibilityVersion = "Xcode 3.2";
			developmentRegion = English;
			hasScannedForEncodings = 0;
			knownRegions = (
				en,
				Base,
			);
			mainGroup = 82F1B30F1BA02BC000B4E8F7;
			productRefGroup = 82F1B3191BA02BC000B4E8F7 /* Products */;
			projectDirPath = "";
			projectRoot = "";
			targets = (
				82F1B3171BA02BC000B4E8F7 /* alltuu */,
				82F1B32F1BA02BC000B4E8F7 /* alltuuTests */,
			);
		};
/* End PBXProject section */

/* Begin PBXResourcesBuildPhase section */
		82F1B3161BA02BC000B4E8F7 /* Resources */ = {
			isa = PBXResourcesBuildPhase;
			buildActionMask = 2147483647;
			files = (
				82CBB9F71BB55B8F003CF35A /* iconfont.ttf in Resources */,
				82F1B3491BA02DAB00B4E8F7 /* loading.jpg in Resources */,
				82F1B3261BA02BC000B4E8F7 /* Main.storyboard in Resources */,
				82F1B3281BA02BC000B4E8F7 /* Images.xcassets in Resources */,
			);
			runOnlyForDeploymentPostprocessing = 0;
		};
		82F1B32E1BA02BC000B4E8F7 /* Resources */ = {
			isa = PBXResourcesBuildPhase;
			buildActionMask = 2147483647;
			files = (
			);
			runOnlyForDeploymentPostprocessing = 0;
		};
/* End PBXResourcesBuildPhase section */

/* Begin PBXShellScriptBuildPhase section */
		8CE2F612F0B5B8D60D4E9655 /* Check Pods Manifest.lock */ = {
			isa = PBXShellScriptBuildPhase;
			buildActionMask = 2147483647;
			files = (
			);
			inputPaths = (
			);
			name = "Check Pods Manifest.lock";
			outputPaths = (
			);
			runOnlyForDeploymentPostprocessing = 0;
			shellPath = /bin/sh;
			shellScript = "diff \"${PODS_ROOT}/../Podfile.lock\" \"${PODS_ROOT}/Manifest.lock\" > /dev/null\nif [[ $? != 0 ]] ; then\n    cat << EOM\nerror: The sandbox is not in sync with the Podfile.lock. Run 'pod install' or update your CocoaPods installation.\nEOM\n    exit 1\nfi\n";
			showEnvVarsInLog = 0;
		};
		A8B428C49E8D0A6CC5EF3AC0 /* Embed Pods Frameworks */ = {
			isa = PBXShellScriptBuildPhase;
			buildActionMask = 2147483647;
			files = (
			);
			inputPaths = (
			);
			name = "Embed Pods Frameworks";
			outputPaths = (
			);
			runOnlyForDeploymentPostprocessing = 0;
			shellPath = /bin/sh;
			shellScript = "\"${SRCROOT}/Pods/Target Support Files/Pods/Pods-frameworks.sh\"\n";
			showEnvVarsInLog = 0;
		};
		ABB4AB83555A4763BB5A550B /* Copy Pods Resources */ = {
			isa = PBXShellScriptBuildPhase;
			buildActionMask = 2147483647;
			files = (
			);
			inputPaths = (
			);
			name = "Copy Pods Resources";
			outputPaths = (
			);
			runOnlyForDeploymentPostprocessing = 0;
			shellPath = /bin/sh;
			shellScript = "\"${SRCROOT}/Pods/Target Support Files/Pods/Pods-resources.sh\"\n";
			showEnvVarsInLog = 0;
		};
/* End PBXShellScriptBuildPhase section */

/* Begin PBXSourcesBuildPhase section */
		82F1B3141BA02BC000B4E8F7 /* Sources */ = {
			isa = PBXSourcesBuildPhase;
			buildActionMask = 2147483647;
			files = (
				82CBB9FD1BB56FD3003CF35A /* PropertyDownloadButton.swift in Sources */,
				82E9276A1BAAEF62002878F5 /* AtPhotoPropertyView.swift in Sources */,
				823F34A31BB6944600A2F712 /* AtColor.swift in Sources */,
				82BF11D31BA7C6240042438D /* PhotographerBarButton.swift in Sources */,
				82F1B3A21BA288D500B4E8F7 /* ActivityPhotoZoomingView.swift in Sources */,
				821E32771BA2CD0C004C2EA4 /* AtViewController.swift in Sources */,
				82F1B3461BA02D4700B4E8F7 /* Activity.swift in Sources */,
				82D76CBD1BAC26B60051D27E /* FollowPhotographerButton.swift in Sources */,
				82CBB9F91BB56F8C003CF35A /* PropertyCommentButton.swift in Sources */,
				82AA65E11BA6E5D300B4BD01 /* SeperateBarButton.swift in Sources */,
				82AA65D91BA6BABE00B4BD01 /* PhotographerBarView.swift in Sources */,
				82D76CC11BACF03E0051D27E /* AtCacheManager.swift in Sources */,
				82CBB9E91BB52D28003CF35A /* PropertyButton.swift in Sources */,
				82CBB9FB1BB56FC6003CF35A /* PropertyShareButton.swift in Sources */,
				8290772F1BA95A16006C0159 /* AtLoadMoreFootView.swift in Sources */,
				82A0A6CF1BA2A7BA005AD107 /* AtCollectionView.swift in Sources */,
				82694DEE1BAF0F94002E11D3 /* AtScrollViewDelegate.swift in Sources */,
				82AA65C81BA6567100B4BD01 /* AtHttpClient.swift in Sources */,
				82E927681BAADCA2002878F5 /* PhotoDetail.swift in Sources */,
				829077231BA827B3006C0159 /* NavigationBackgroundView.swift in Sources */,
				82BF11D51BA7D3400042438D /* Photographer.swift in Sources */,
				82CBB9EB1BB53273003CF35A /* DetailPropertyButtonGroup.swift in Sources */,
				829077251BA936DB006C0159 /* ActivitySearchCell.swift in Sources */,
				82F1B3601BA09FE300B4E8F7 /* ActivitiesViewController.swift in Sources */,
				8263F5801BAD63D700432E7B /* AtImageViewExtension.swift in Sources */,
				82F1B39A1BA2868700B4E8F7 /* ActivityPhotoCell.swift in Sources */,
				829077391BAA8F85006C0159 /* AtSearchBar.swift in Sources */,
				829077271BA936EC006C0159 /* ActivitySearchView.swift in Sources */,
				82F1B3211BA02BC000B4E8F7 /* alltuu.xcdatamodeld in Sources */,
				82CBB9E31BB51D23003CF35A /* AtNavigationDelegate.swift in Sources */,
				82A0A6D11BA2A80E005AD107 /* ActivityPhotosView.swift in Sources */,
				829077371BAA8B1D006C0159 /* PhotoDetailViewController.swift in Sources */,
				82F1B31E1BA02BC000B4E8F7 /* AppDelegate.swift in Sources */,
				82694DEC1BAF0066002E11D3 /* PhotoDetailCard.swift in Sources */,
				82F1B3471BA02D4700B4E8F7 /* ActivityCell.swift in Sources */,
				82AA65DF1BA6D6F500B4BD01 /* UIColorExtensions.swift in Sources */,
				82A0A6C51BA2A4F6005AD107 /* ActivityPhoto.swift in Sources */,
				82AA65DB1BA6C07100B4BD01 /* SeperateBarView.swift in Sources */,
				829077311BA96F30006C0159 /* ActivitySearchViewController.swift in Sources */,
				829077291BA95780006C0159 /* AtTableView.swift in Sources */,
				82A0A6C91BA2A574005AD107 /* ActivityPhotosViewController.swift in Sources */,
				82CBB9E71BB52D0D003CF35A /* PropertyLikeCountButton.swift in Sources */,
				829077331BA985C5006C0159 /* AtIdentifies.swift in Sources */,
				82CBB9F51BB55896003CF35A /* AtFontIcon.swift in Sources */,
				82F1B3441BA02D4700B4E8F7 /* ActivityView.swift in Sources */,
				82F1B3981BA17DA600B4E8F7 /* Seperate.swift in Sources */,
			);
			runOnlyForDeploymentPostprocessing = 0;
		};
		82F1B32C1BA02BC000B4E8F7 /* Sources */ = {
			isa = PBXSourcesBuildPhase;
			buildActionMask = 2147483647;
			files = (
				82F1B3371BA02BC000B4E8F7 /* alltuuTests.swift in Sources */,
			);
			runOnlyForDeploymentPostprocessing = 0;
		};
/* End PBXSourcesBuildPhase section */

/* Begin PBXTargetDependency section */
		82F1B3321BA02BC000B4E8F7 /* PBXTargetDependency */ = {
			isa = PBXTargetDependency;
			target = 82F1B3171BA02BC000B4E8F7 /* alltuu */;
			targetProxy = 82F1B3311BA02BC000B4E8F7 /* PBXContainerItemProxy */;
		};
/* End PBXTargetDependency section */

/* Begin PBXVariantGroup section */
		82F1B3241BA02BC000B4E8F7 /* Main.storyboard */ = {
			isa = PBXVariantGroup;
			children = (
				82F1B3251BA02BC000B4E8F7 /* Base */,
			);
			name = Main.storyboard;
			path = alltuu;
			sourceTree = "<group>";
		};
/* End PBXVariantGroup section */

/* Begin XCBuildConfiguration section */
		82F1B3381BA02BC000B4E8F7 /* Debug */ = {
			isa = XCBuildConfiguration;
			buildSettings = {
				ALWAYS_SEARCH_USER_PATHS = NO;
				CLANG_CXX_LANGUAGE_STANDARD = "gnu++0x";
				CLANG_CXX_LIBRARY = "libc++";
				CLANG_ENABLE_MODULES = YES;
				CLANG_ENABLE_OBJC_ARC = YES;
				CLANG_WARN_BOOL_CONVERSION = YES;
				CLANG_WARN_CONSTANT_CONVERSION = YES;
				CLANG_WARN_DIRECT_OBJC_ISA_USAGE = YES_ERROR;
				CLANG_WARN_EMPTY_BODY = YES;
				CLANG_WARN_ENUM_CONVERSION = YES;
				CLANG_WARN_INT_CONVERSION = YES;
				CLANG_WARN_OBJC_ROOT_CLASS = YES_ERROR;
				CLANG_WARN_UNREACHABLE_CODE = YES;
				CLANG_WARN__DUPLICATE_METHOD_MATCH = YES;
				"CODE_SIGN_IDENTITY[sdk=iphoneos*]" = "iPhone Developer";
				COPY_PHASE_STRIP = NO;
				DEBUG_INFORMATION_FORMAT = "dwarf-with-dsym";
				ENABLE_STRICT_OBJC_MSGSEND = YES;
				GCC_C_LANGUAGE_STANDARD = gnu99;
				GCC_DYNAMIC_NO_PIC = NO;
				GCC_NO_COMMON_BLOCKS = YES;
				GCC_OPTIMIZATION_LEVEL = 0;
				GCC_PREPROCESSOR_DEFINITIONS = (
					"DEBUG=1",
					"$(inherited)",
				);
				GCC_SYMBOLS_PRIVATE_EXTERN = NO;
				GCC_WARN_64_TO_32_BIT_CONVERSION = YES;
				GCC_WARN_ABOUT_RETURN_TYPE = YES_ERROR;
				GCC_WARN_UNDECLARED_SELECTOR = YES;
				GCC_WARN_UNINITIALIZED_AUTOS = YES_AGGRESSIVE;
				GCC_WARN_UNUSED_FUNCTION = YES;
				GCC_WARN_UNUSED_VARIABLE = YES;
				IPHONEOS_DEPLOYMENT_TARGET = 8.4;
				MTL_ENABLE_DEBUG_INFO = YES;
				ONLY_ACTIVE_ARCH = YES;
				SDKROOT = iphoneos;
				SWIFT_OPTIMIZATION_LEVEL = "-Onone";
				TARGETED_DEVICE_FAMILY = "1,2";
			};
			name = Debug;
		};
		82F1B3391BA02BC000B4E8F7 /* Release */ = {
			isa = XCBuildConfiguration;
			buildSettings = {
				ALWAYS_SEARCH_USER_PATHS = NO;
				CLANG_CXX_LANGUAGE_STANDARD = "gnu++0x";
				CLANG_CXX_LIBRARY = "libc++";
				CLANG_ENABLE_MODULES = YES;
				CLANG_ENABLE_OBJC_ARC = YES;
				CLANG_WARN_BOOL_CONVERSION = YES;
				CLANG_WARN_CONSTANT_CONVERSION = YES;
				CLANG_WARN_DIRECT_OBJC_ISA_USAGE = YES_ERROR;
				CLANG_WARN_EMPTY_BODY = YES;
				CLANG_WARN_ENUM_CONVERSION = YES;
				CLANG_WARN_INT_CONVERSION = YES;
				CLANG_WARN_OBJC_ROOT_CLASS = YES_ERROR;
				CLANG_WARN_UNREACHABLE_CODE = YES;
				CLANG_WARN__DUPLICATE_METHOD_MATCH = YES;
				"CODE_SIGN_IDENTITY[sdk=iphoneos*]" = "iPhone Developer";
				COPY_PHASE_STRIP = NO;
				DEBUG_INFORMATION_FORMAT = "dwarf-with-dsym";
				ENABLE_NS_ASSERTIONS = NO;
				ENABLE_STRICT_OBJC_MSGSEND = YES;
				GCC_C_LANGUAGE_STANDARD = gnu99;
				GCC_NO_COMMON_BLOCKS = YES;
				GCC_WARN_64_TO_32_BIT_CONVERSION = YES;
				GCC_WARN_ABOUT_RETURN_TYPE = YES_ERROR;
				GCC_WARN_UNDECLARED_SELECTOR = YES;
				GCC_WARN_UNINITIALIZED_AUTOS = YES_AGGRESSIVE;
				GCC_WARN_UNUSED_FUNCTION = YES;
				GCC_WARN_UNUSED_VARIABLE = YES;
				IPHONEOS_DEPLOYMENT_TARGET = 8.4;
				MTL_ENABLE_DEBUG_INFO = NO;
				SDKROOT = iphoneos;
				TARGETED_DEVICE_FAMILY = "1,2";
				VALIDATE_PRODUCT = YES;
			};
			name = Release;
		};
		82F1B33B1BA02BC000B4E8F7 /* Debug */ = {
			isa = XCBuildConfiguration;
			baseConfigurationReference = 37237399CD62F383A56A9519 /* Pods.debug.xcconfig */;
			buildSettings = {
				ASSETCATALOG_COMPILER_APPICON_NAME = AppIcon;
				ASSETCATALOG_COMPILER_LAUNCHIMAGE_NAME = LaunchImage;
				EMBEDDED_CONTENT_CONTAINS_SWIFT = NO;
				INFOPLIST_FILE = alltuu/Info.plist;
				IPHONEOS_DEPLOYMENT_TARGET = 8.0;
				LD_RUNPATH_SEARCH_PATHS = "$(inherited) @executable_path/Frameworks";
				PRODUCT_NAME = "$(TARGET_NAME)";
			};
			name = Debug;
		};
		82F1B33C1BA02BC000B4E8F7 /* Release */ = {
			isa = XCBuildConfiguration;
			baseConfigurationReference = DCB93D5F998AD74401A46E1A /* Pods.release.xcconfig */;
			buildSettings = {
				ASSETCATALOG_COMPILER_APPICON_NAME = AppIcon;
				ASSETCATALOG_COMPILER_LAUNCHIMAGE_NAME = LaunchImage;
				EMBEDDED_CONTENT_CONTAINS_SWIFT = NO;
				INFOPLIST_FILE = alltuu/Info.plist;
				IPHONEOS_DEPLOYMENT_TARGET = 8.0;
				LD_RUNPATH_SEARCH_PATHS = "$(inherited) @executable_path/Frameworks";
				PRODUCT_NAME = "$(TARGET_NAME)";
			};
			name = Release;
		};
		82F1B33E1BA02BC000B4E8F7 /* Debug */ = {
			isa = XCBuildConfiguration;
			buildSettings = {
				BUNDLE_LOADER = "$(TEST_HOST)";
				FRAMEWORK_SEARCH_PATHS = (
					"$(SDKROOT)/Developer/Library/Frameworks",
					"$(inherited)",
				);
				GCC_PREPROCESSOR_DEFINITIONS = (
					"DEBUG=1",
					"$(inherited)",
				);
				INFOPLIST_FILE = alltuuTests/Info.plist;
				LD_RUNPATH_SEARCH_PATHS = "$(inherited) @executable_path/Frameworks @loader_path/Frameworks";
				PRODUCT_NAME = "$(TARGET_NAME)";
				TEST_HOST = "$(BUILT_PRODUCTS_DIR)/alltuu.app/alltuu";
			};
			name = Debug;
		};
		82F1B33F1BA02BC000B4E8F7 /* Release */ = {
			isa = XCBuildConfiguration;
			buildSettings = {
				BUNDLE_LOADER = "$(TEST_HOST)";
				FRAMEWORK_SEARCH_PATHS = (
					"$(SDKROOT)/Developer/Library/Frameworks",
					"$(inherited)",
				);
				INFOPLIST_FILE = alltuuTests/Info.plist;
				LD_RUNPATH_SEARCH_PATHS = "$(inherited) @executable_path/Frameworks @loader_path/Frameworks";
				PRODUCT_NAME = "$(TARGET_NAME)";
				TEST_HOST = "$(BUILT_PRODUCTS_DIR)/alltuu.app/alltuu";
			};
			name = Release;
		};
/* End XCBuildConfiguration section */

/* Begin XCConfigurationList section */
		82F1B3131BA02BC000B4E8F7 /* Build configuration list for PBXProject "alltuu" */ = {
			isa = XCConfigurationList;
			buildConfigurations = (
				82F1B3381BA02BC000B4E8F7 /* Debug */,
				82F1B3391BA02BC000B4E8F7 /* Release */,
			);
			defaultConfigurationIsVisible = 0;
			defaultConfigurationName = Release;
		};
		82F1B33A1BA02BC000B4E8F7 /* Build configuration list for PBXNativeTarget "alltuu" */ = {
			isa = XCConfigurationList;
			buildConfigurations = (
				82F1B33B1BA02BC000B4E8F7 /* Debug */,
				82F1B33C1BA02BC000B4E8F7 /* Release */,
			);
			defaultConfigurationIsVisible = 0;
			defaultConfigurationName = Release;
		};
		82F1B33D1BA02BC000B4E8F7 /* Build configuration list for PBXNativeTarget "alltuuTests" */ = {
			isa = XCConfigurationList;
			buildConfigurations = (
				82F1B33E1BA02BC000B4E8F7 /* Debug */,
				82F1B33F1BA02BC000B4E8F7 /* Release */,
			);
			defaultConfigurationIsVisible = 0;
			defaultConfigurationName = Release;
		};
/* End XCConfigurationList section */

/* Begin XCVersionGroup section */
		82F1B31F1BA02BC000B4E8F7 /* alltuu.xcdatamodeld */ = {
			isa = XCVersionGroup;
			children = (
				82F1B3201BA02BC000B4E8F7 /* alltuu.xcdatamodel */,
			);
			currentVersion = 82F1B3201BA02BC000B4E8F7 /* alltuu.xcdatamodel */;
			path = alltuu.xcdatamodeld;
			sourceTree = "<group>";
			versionGroupType = wrapper.xcdatamodel;
		};
/* End XCVersionGroup section */
	};
	rootObject = 82F1B3101BA02BC000B4E8F7 /* Project object */;
}
