// !$*UTF8*$!
{
	archiveVersion = 1;
	classes = {
	};
	objectVersion = 46;
	objects = {

/* Begin PBXBuildFile section */
		821E32771BA2CD0C004C2EA4 /* AtViewController.swift in Sources */ = {isa = PBXBuildFile; fileRef = 821E32761BA2CD0C004C2EA4 /* AtViewController.swift */; };
		82A0A6C51BA2A4F6005AD107 /* ActivityPhoto.swift in Sources */ = {isa = PBXBuildFile; fileRef = 82A0A6C41BA2A4F6005AD107 /* ActivityPhoto.swift */; };
		82A0A6C91BA2A574005AD107 /* ActivityPhotosViewController.swift in Sources */ = {isa = PBXBuildFile; fileRef = 82A0A6C81BA2A574005AD107 /* ActivityPhotosViewController.swift */; };
		82A0A6CB1BA2A5D7005AD107 /* ActivityPhotosViewLayout.swift in Sources */ = {isa = PBXBuildFile; fileRef = 82A0A6CA1BA2A5D7005AD107 /* ActivityPhotosViewLayout.swift */; };
		82A0A6CF1BA2A7BA005AD107 /* AtCollectionView.swift in Sources */ = {isa = PBXBuildFile; fileRef = 82A0A6CE1BA2A7BA005AD107 /* AtCollectionView.swift */; };
		82A0A6D11BA2A80E005AD107 /* ActivityPhotosView.swift in Sources */ = {isa = PBXBuildFile; fileRef = 82A0A6D01BA2A80E005AD107 /* ActivityPhotosView.swift */; };
		82F1B31E1BA02BC000B4E8F7 /* AppDelegate.swift in Sources */ = {isa = PBXBuildFile; fileRef = 82F1B31D1BA02BC000B4E8F7 /* AppDelegate.swift */; };
		82F1B3211BA02BC000B4E8F7 /* alltuu.xcdatamodeld in Sources */ = {isa = PBXBuildFile; fileRef = 82F1B31F1BA02BC000B4E8F7 /* alltuu.xcdatamodeld */; };
		82F1B3261BA02BC000B4E8F7 /* Main.storyboard in Resources */ = {isa = PBXBuildFile; fileRef = 82F1B3241BA02BC000B4E8F7 /* Main.storyboard */; };
		82F1B3281BA02BC000B4E8F7 /* Images.xcassets in Resources */ = {isa = PBXBuildFile; fileRef = 82F1B3271BA02BC000B4E8F7 /* Images.xcassets */; };
		82F1B3371BA02BC000B4E8F7 /* alltuuTests.swift in Sources */ = {isa = PBXBuildFile; fileRef = 82F1B3361BA02BC000B4E8F7 /* alltuuTests.swift */; };
		82F1B3441BA02D4700B4E8F7 /* ActivityView.swift in Sources */ = {isa = PBXBuildFile; fileRef = 82F1B3401BA02D4700B4E8F7 /* ActivityView.swift */; };
		82F1B3461BA02D4700B4E8F7 /* Activity.swift in Sources */ = {isa = PBXBuildFile; fileRef = 82F1B3421BA02D4700B4E8F7 /* Activity.swift */; };
		82F1B3471BA02D4700B4E8F7 /* ActivityCell.swift in Sources */ = {isa = PBXBuildFile; fileRef = 82F1B3431BA02D4700B4E8F7 /* ActivityCell.swift */; };
		82F1B3491BA02DAB00B4E8F7 /* loading.jpg in Resources */ = {isa = PBXBuildFile; fileRef = 82F1B3481BA02DAB00B4E8F7 /* loading.jpg */; };
		82F1B3561BA0322F00B4E8F7 /* Pods.framework in Frameworks */ = {isa = PBXBuildFile; fileRef = 0680613B53CF69D1D4C416C0 /* Pods.framework */; };
		82F1B35A1BA0360600B4E8F7 /* Pods.framework in Embed Frameworks */ = {isa = PBXBuildFile; fileRef = 0680613B53CF69D1D4C416C0 /* Pods.framework */; settings = {ATTRIBUTES = (CodeSignOnCopy, RemoveHeadersOnCopy, ); }; };
		82F1B3601BA09FE300B4E8F7 /* ActivitiesViewController.swift in Sources */ = {isa = PBXBuildFile; fileRef = 82F1B35F1BA09FE300B4E8F7 /* ActivitiesViewController.swift */; };
		82F1B3671BA0A2EA00B4E8F7 /* ZLSwiftConstDefine.swift in Sources */ = {isa = PBXBuildFile; fileRef = 82F1B3631BA0A2EA00B4E8F7 /* ZLSwiftConstDefine.swift */; };
		82F1B3681BA0A2EA00B4E8F7 /* ZLSwiftFootView.swift in Sources */ = {isa = PBXBuildFile; fileRef = 82F1B3641BA0A2EA00B4E8F7 /* ZLSwiftFootView.swift */; };
		82F1B3981BA17DA600B4E8F7 /* Seperate.swift in Sources */ = {isa = PBXBuildFile; fileRef = 82F1B3971BA17DA600B4E8F7 /* Seperate.swift */; };
		82F1B39A1BA2868700B4E8F7 /* ActivityPhotoCell.swift in Sources */ = {isa = PBXBuildFile; fileRef = 82F1B3991BA2868700B4E8F7 /* ActivityPhotoCell.swift */; };
		82F1B3A21BA288D500B4E8F7 /* ActivityPhotoZoomingView.swift in Sources */ = {isa = PBXBuildFile; fileRef = 82F1B3A11BA288D500B4E8F7 /* ActivityPhotoZoomingView.swift */; };
/* End PBXBuildFile section */

/* Begin PBXContainerItemProxy section */
		82F1B3311BA02BC000B4E8F7 /* PBXContainerItemProxy */ = {
			isa = PBXContainerItemProxy;
			containerPortal = 82F1B3101BA02BC000B4E8F7 /* Project object */;
			proxyType = 1;
			remoteGlobalIDString = 82F1B3171BA02BC000B4E8F7;
			remoteInfo = alltuu;
		};
/* End PBXContainerItemProxy section */

/* Begin PBXCopyFilesBuildPhase section */
		82F1B35B1BA0360600B4E8F7 /* Embed Frameworks */ = {
			isa = PBXCopyFilesBuildPhase;
			buildActionMask = 2147483647;
			dstPath = "";
			dstSubfolderSpec = 10;
			files = (
				82F1B35A1BA0360600B4E8F7 /* Pods.framework in Embed Frameworks */,
			);
			name = "Embed Frameworks";
			runOnlyForDeploymentPostprocessing = 0;
		};
/* End PBXCopyFilesBuildPhase section */

/* Begin PBXFileReference section */
		0680613B53CF69D1D4C416C0 /* Pods.framework */ = {isa = PBXFileReference; explicitFileType = wrapper.framework; includeInIndex = 0; path = Pods.framework; sourceTree = BUILT_PRODUCTS_DIR; };
		37237399CD62F383A56A9519 /* Pods.debug.xcconfig */ = {isa = PBXFileReference; includeInIndex = 1; lastKnownFileType = text.xcconfig; name = Pods.debug.xcconfig; path = "Pods/Target Support Files/Pods/Pods.debug.xcconfig"; sourceTree = "<group>"; };
		821E32761BA2CD0C004C2EA4 /* AtViewController.swift */ = {isa = PBXFileReference; fileEncoding = 4; lastKnownFileType = sourcecode.swift; path = AtViewController.swift; sourceTree = "<group>"; };
		82A0A6C41BA2A4F6005AD107 /* ActivityPhoto.swift */ = {isa = PBXFileReference; fileEncoding = 4; lastKnownFileType = sourcecode.swift; path = ActivityPhoto.swift; sourceTree = "<group>"; };
		82A0A6C81BA2A574005AD107 /* ActivityPhotosViewController.swift */ = {isa = PBXFileReference; fileEncoding = 4; lastKnownFileType = sourcecode.swift; path = ActivityPhotosViewController.swift; sourceTree = "<group>"; };
		82A0A6CA1BA2A5D7005AD107 /* ActivityPhotosViewLayout.swift */ = {isa = PBXFileReference; fileEncoding = 4; lastKnownFileType = sourcecode.swift; path = ActivityPhotosViewLayout.swift; sourceTree = "<group>"; };
		82A0A6CE1BA2A7BA005AD107 /* AtCollectionView.swift */ = {isa = PBXFileReference; fileEncoding = 4; lastKnownFileType = sourcecode.swift; path = AtCollectionView.swift; sourceTree = "<group>"; };
		82A0A6D01BA2A80E005AD107 /* ActivityPhotosView.swift */ = {isa = PBXFileReference; fileEncoding = 4; lastKnownFileType = sourcecode.swift; path = ActivityPhotosView.swift; sourceTree = "<group>"; };
		82F1B3181BA02BC000B4E8F7 /* alltuu.app */ = {isa = PBXFileReference; explicitFileType = wrapper.application; includeInIndex = 0; path = alltuu.app; sourceTree = BUILT_PRODUCTS_DIR; };
		82F1B31C1BA02BC000B4E8F7 /* Info.plist */ = {isa = PBXFileReference; lastKnownFileType = text.plist.xml; path = Info.plist; sourceTree = "<group>"; };
		82F1B31D1BA02BC000B4E8F7 /* AppDelegate.swift */ = {isa = PBXFileReference; lastKnownFileType = sourcecode.swift; path = AppDelegate.swift; sourceTree = "<group>"; };
		82F1B3201BA02BC000B4E8F7 /* alltuu.xcdatamodel */ = {isa = PBXFileReference; lastKnownFileType = wrapper.xcdatamodel; path = alltuu.xcdatamodel; sourceTree = "<group>"; };
		82F1B3251BA02BC000B4E8F7 /* Base */ = {isa = PBXFileReference; lastKnownFileType = file.storyboard; name = Base; path = Base.lproj/Main.storyboard; sourceTree = "<group>"; };
		82F1B3271BA02BC000B4E8F7 /* Images.xcassets */ = {isa = PBXFileReference; lastKnownFileType = folder.assetcatalog; path = Images.xcassets; sourceTree = "<group>"; };
		82F1B3301BA02BC000B4E8F7 /* alltuuTests.xctest */ = {isa = PBXFileReference; explicitFileType = wrapper.cfbundle; includeInIndex = 0; path = alltuuTests.xctest; sourceTree = BUILT_PRODUCTS_DIR; };
		82F1B3351BA02BC000B4E8F7 /* Info.plist */ = {isa = PBXFileReference; lastKnownFileType = text.plist.xml; path = Info.plist; sourceTree = "<group>"; };
		82F1B3361BA02BC000B4E8F7 /* alltuuTests.swift */ = {isa = PBXFileReference; lastKnownFileType = sourcecode.swift; path = alltuuTests.swift; sourceTree = "<group>"; };
		82F1B3401BA02D4700B4E8F7 /* ActivityView.swift */ = {isa = PBXFileReference; fileEncoding = 4; lastKnownFileType = sourcecode.swift; path = ActivityView.swift; sourceTree = "<group>"; };
		82F1B3421BA02D4700B4E8F7 /* Activity.swift */ = {isa = PBXFileReference; fileEncoding = 4; lastKnownFileType = sourcecode.swift; path = Activity.swift; sourceTree = "<group>"; };
		82F1B3431BA02D4700B4E8F7 /* ActivityCell.swift */ = {isa = PBXFileReference; fileEncoding = 4; lastKnownFileType = sourcecode.swift; path = ActivityCell.swift; sourceTree = "<group>"; };
		82F1B3481BA02DAB00B4E8F7 /* loading.jpg */ = {isa = PBXFileReference; lastKnownFileType = image.jpeg; path = loading.jpg; sourceTree = "<group>"; };
		82F1B35F1BA09FE300B4E8F7 /* ActivitiesViewController.swift */ = {isa = PBXFileReference; fileEncoding = 4; lastKnownFileType = sourcecode.swift; path = ActivitiesViewController.swift; sourceTree = "<group>"; };
		82F1B3631BA0A2EA00B4E8F7 /* ZLSwiftConstDefine.swift */ = {isa = PBXFileReference; fileEncoding = 4; lastKnownFileType = sourcecode.swift; path = ZLSwiftConstDefine.swift; sourceTree = "<group>"; };
		82F1B3641BA0A2EA00B4E8F7 /* ZLSwiftFootView.swift */ = {isa = PBXFileReference; fileEncoding = 4; lastKnownFileType = sourcecode.swift; path = ZLSwiftFootView.swift; sourceTree = "<group>"; };
		82F1B3971BA17DA600B4E8F7 /* Seperate.swift */ = {isa = PBXFileReference; fileEncoding = 4; lastKnownFileType = sourcecode.swift; path = Seperate.swift; sourceTree = "<group>"; };
		82F1B3991BA2868700B4E8F7 /* ActivityPhotoCell.swift */ = {isa = PBXFileReference; fileEncoding = 4; lastKnownFileType = sourcecode.swift; path = ActivityPhotoCell.swift; sourceTree = "<group>"; };
		82F1B3A11BA288D500B4E8F7 /* ActivityPhotoZoomingView.swift */ = {isa = PBXFileReference; fileEncoding = 4; lastKnownFileType = sourcecode.swift; path = ActivityPhotoZoomingView.swift; sourceTree = "<group>"; };
		DCB93D5F998AD74401A46E1A /* Pods.release.xcconfig */ = {isa = PBXFileReference; includeInIndex = 1; lastKnownFileType = text.xcconfig; name = Pods.release.xcconfig; path = "Pods/Target Support Files/Pods/Pods.release.xcconfig"; sourceTree = "<group>"; };
/* End PBXFileReference section */

/* Begin PBXFrameworksBuildPhase section */
		82F1B3151BA02BC000B4E8F7 /* Frameworks */ = {
			isa = PBXFrameworksBuildPhase;
			buildActionMask = 2147483647;
			files = (
				82F1B3561BA0322F00B4E8F7 /* Pods.framework in Frameworks */,
			);
			runOnlyForDeploymentPostprocessing = 0;
		};
		82F1B32D1BA02BC000B4E8F7 /* Frameworks */ = {
			isa = PBXFrameworksBuildPhase;
			buildActionMask = 2147483647;
			files = (
			);
			runOnlyForDeploymentPostprocessing = 0;
		};
/* End PBXFrameworksBuildPhase section */

/* Begin PBXGroup section */
		35C3AA7D000633B04B8FDD2C /* Frameworks */ = {
			isa = PBXGroup;
			children = (
				0680613B53CF69D1D4C416C0 /* Pods.framework */,
			);
			name = Frameworks;
			sourceTree = "<group>";
		};
		821E327A1BA2D638004C2EA4 /* utils */ = {
			isa = PBXGroup;
			children = (
			);
			name = utils;
			sourceTree = "<group>";
		};
		82F1B30F1BA02BC000B4E8F7 = {
			isa = PBXGroup;
			children = (
				82F1B31A1BA02BC000B4E8F7 /* alltuu */,
				82F1B3331BA02BC000B4E8F7 /* alltuuTests */,
				82F1B3191BA02BC000B4E8F7 /* Products */,
				BBD17FAF3A3ED17E61889F6D /* Pods */,
				35C3AA7D000633B04B8FDD2C /* Frameworks */,
			);
			sourceTree = "<group>";
		};
		82F1B3191BA02BC000B4E8F7 /* Products */ = {
			isa = PBXGroup;
			children = (
				82F1B3181BA02BC000B4E8F7 /* alltuu.app */,
				82F1B3301BA02BC000B4E8F7 /* alltuuTests.xctest */,
			);
			name = Products;
			sourceTree = "<group>";
		};
		82F1B31A1BA02BC000B4E8F7 /* alltuu */ = {
			isa = PBXGroup;
			children = (
				82A0A6CE1BA2A7BA005AD107 /* AtCollectionView.swift */,
				821E32761BA2CD0C004C2EA4 /* AtViewController.swift */,
				82F1B3401BA02D4700B4E8F7 /* ActivityView.swift */,
				82F1B35F1BA09FE300B4E8F7 /* ActivitiesViewController.swift */,
				82F1B3431BA02D4700B4E8F7 /* ActivityCell.swift */,
				82F1B3991BA2868700B4E8F7 /* ActivityPhotoCell.swift */,
				82A0A6D01BA2A80E005AD107 /* ActivityPhotosView.swift */,
				82A0A6C81BA2A574005AD107 /* ActivityPhotosViewController.swift */,
				82A0A6CA1BA2A5D7005AD107 /* ActivityPhotosViewLayout.swift */,
				82F1B3A11BA288D500B4E8F7 /* ActivityPhotoZoomingView.swift */,
				82F1B31D1BA02BC000B4E8F7 /* AppDelegate.swift */,
				82F1B3241BA02BC000B4E8F7 /* Main.storyboard */,
				82F1B3481BA02DAB00B4E8F7 /* loading.jpg */,
				82F1B3961BA17D8600B4E8F7 /* entity */,
				821E327A1BA2D638004C2EA4 /* utils */,
				82F1B31B1BA02BC000B4E8F7 /* Supporting Files */,
			);
			path = alltuu;
			sourceTree = "<group>";
		};
		82F1B31B1BA02BC000B4E8F7 /* Supporting Files */ = {
			isa = PBXGroup;
			children = (
				82F1B3751BA16C8500B4E8F7 /* WaterfallView */,
				82F1B3621BA0A2EA00B4E8F7 /* ZLSwifthRefresh */,
				82F1B3271BA02BC000B4E8F7 /* Images.xcassets */,
				82F1B31F1BA02BC000B4E8F7 /* alltuu.xcdatamodeld */,
				82F1B31C1BA02BC000B4E8F7 /* Info.plist */,
			);
			name = "Supporting Files";
			sourceTree = "<group>";
		};
		82F1B3331BA02BC000B4E8F7 /* alltuuTests */ = {
			isa = PBXGroup;
			children = (
				82F1B3361BA02BC000B4E8F7 /* alltuuTests.swift */,
				82F1B3341BA02BC000B4E8F7 /* Supporting Files */,
			);
			path = alltuuTests;
			sourceTree = "<group>";
		};
		82F1B3341BA02BC000B4E8F7 /* Supporting Files */ = {
			isa = PBXGroup;
			children = (
				82F1B3351BA02BC000B4E8F7 /* Info.plist */,
			);
			name = "Supporting Files";
			sourceTree = "<group>";
		};
		82F1B3621BA0A2EA00B4E8F7 /* ZLSwifthRefresh */ = {
			isa = PBXGroup;
			children = (
				82F1B3631BA0A2EA00B4E8F7 /* ZLSwiftConstDefine.swift */,
				82F1B3641BA0A2EA00B4E8F7 /* ZLSwiftFootView.swift */,
			);
			path = ZLSwifthRefresh;
			sourceTree = "<group>";
		};
		82F1B3751BA16C8500B4E8F7 /* WaterfallView */ = {
			isa = PBXGroup;
			children = (
			);
			name = WaterfallView;
			sourceTree = "<group>";
		};
		82F1B3961BA17D8600B4E8F7 /* entity */ = {
			isa = PBXGroup;
			children = (
				82F1B3421BA02D4700B4E8F7 /* Activity.swift */,
				82F1B3971BA17DA600B4E8F7 /* Seperate.swift */,
				82A0A6C41BA2A4F6005AD107 /* ActivityPhoto.swift */,
			);
			name = entity;
			sourceTree = "<group>";
		};
		BBD17FAF3A3ED17E61889F6D /* Pods */ = {
			isa = PBXGroup;
			children = (
				37237399CD62F383A56A9519 /* Pods.debug.xcconfig */,
				DCB93D5F998AD74401A46E1A /* Pods.release.xcconfig */,
			);
			name = Pods;
			sourceTree = "<group>";
		};
/* End PBXGroup section */

/* Begin PBXNativeTarget section */
		82F1B3171BA02BC000B4E8F7 /* alltuu */ = {
			isa = PBXNativeTarget;
			buildConfigurationList = 82F1B33A1BA02BC000B4E8F7 /* Build configuration list for PBXNativeTarget "alltuu" */;
			buildPhases = (
				8CE2F612F0B5B8D60D4E9655 /* Check Pods Manifest.lock */,
				82F1B3141BA02BC000B4E8F7 /* Sources */,
				82F1B3151BA02BC000B4E8F7 /* Frameworks */,
				82F1B3161BA02BC000B4E8F7 /* Resources */,
				A8B428C49E8D0A6CC5EF3AC0 /* Embed Pods Frameworks */,
				ABB4AB83555A4763BB5A550B /* Copy Pods Resources */,
				82F1B35B1BA0360600B4E8F7 /* Embed Frameworks */,
			);
			buildRules = (
			);
			dependencies = (
			);
			name = alltuu;
			productName = alltuu;
			productReference = 82F1B3181BA02BC000B4E8F7 /* alltuu.app */;
			productType = "com.apple.product-type.application";
		};
		82F1B32F1BA02BC000B4E8F7 /* alltuuTests */ = {
			isa = PBXNativeTarget;
			buildConfigurationList = 82F1B33D1BA02BC000B4E8F7 /* Build configuration list for PBXNativeTarget "alltuuTests" */;
			buildPhases = (
				82F1B32C1BA02BC000B4E8F7 /* Sources */,
				82F1B32D1BA02BC000B4E8F7 /* Frameworks */,
				82F1B32E1BA02BC000B4E8F7 /* Resources */,
			);
			buildRules = (
			);
			dependencies = (
				82F1B3321BA02BC000B4E8F7 /* PBXTargetDependency */,
			);
			name = alltuuTests;
			productName = alltuuTests;
			productReference = 82F1B3301BA02BC000B4E8F7 /* alltuuTests.xctest */;
			productType = "com.apple.product-type.bundle.unit-test";
		};
/* End PBXNativeTarget section */

/* Begin PBXProject section */
		82F1B3101BA02BC000B4E8F7 /* Project object */ = {
			isa = PBXProject;
			attributes = {
				LastUpgradeCheck = 0640;
				ORGANIZATIONNAME = Alltuu;
				TargetAttributes = {
					82F1B3171BA02BC000B4E8F7 = {
						CreatedOnToolsVersion = 6.4;
					};
					82F1B32F1BA02BC000B4E8F7 = {
						CreatedOnToolsVersion = 6.4;
						TestTargetID = 82F1B3171BA02BC000B4E8F7;
					};
				};
			};
			buildConfigurationList = 82F1B3131BA02BC000B4E8F7 /* Build configuration list for PBXProject "alltuu" */;
			compatibilityVersion = "Xcode 3.2";
			developmentRegion = English;
			hasScannedForEncodings = 0;
			knownRegions = (
				en,
				Base,
			);
			mainGroup = 82F1B30F1BA02BC000B4E8F7;
			productRefGroup = 82F1B3191BA02BC000B4E8F7 /* Products */;
			projectDirPath = "";
			projectRoot = "";
			targets = (
				82F1B3171BA02BC000B4E8F7 /* alltuu */,
				82F1B32F1BA02BC000B4E8F7 /* alltuuTests */,
			);
		};
/* End PBXProject section */

/* Begin PBXResourcesBuildPhase section */
		82F1B3161BA02BC000B4E8F7 /* Resources */ = {
			isa = PBXResourcesBuildPhase;
			buildActionMask = 2147483647;
			files = (
				82F1B3491BA02DAB00B4E8F7 /* loading.jpg in Resources */,
				82F1B3261BA02BC000B4E8F7 /* Main.storyboard in Resources */,
				82F1B3281BA02BC000B4E8F7 /* Images.xcassets in Resources */,
			);
			runOnlyForDeploymentPostprocessing = 0;
		};
		82F1B32E1BA02BC000B4E8F7 /* Resources */ = {
			isa = PBXResourcesBuildPhase;
			buildActionMask = 2147483647;
			files = (
			);
			runOnlyForDeploymentPostprocessing = 0;
		};
/* End PBXResourcesBuildPhase section */

/* Begin PBXShellScriptBuildPhase section */
		8CE2F612F0B5B8D60D4E9655 /* Check Pods Manifest.lock */ = {
			isa = PBXShellScriptBuildPhase;
			buildActionMask = 2147483647;
			files = (
			);
			inputPaths = (
			);
			name = "Check Pods Manifest.lock";
			outputPaths = (
			);
			runOnlyForDeploymentPostprocessing = 0;
			shellPath = /bin/sh;
			shellScript = "diff \"${PODS_ROOT}/../Podfile.lock\" \"${PODS_ROOT}/Manifest.lock\" > /dev/null\nif [[ $? != 0 ]] ; then\n    cat << EOM\nerror: The sandbox is not in sync with the Podfile.lock. Run 'pod install' or update your CocoaPods installation.\nEOM\n    exit 1\nfi\n";
			showEnvVarsInLog = 0;
		};
		A8B428C49E8D0A6CC5EF3AC0 /* Embed Pods Frameworks */ = {
			isa = PBXShellScriptBuildPhase;
			buildActionMask = 2147483647;
			files = (
			);
			inputPaths = (
			);
			name = "Embed Pods Frameworks";
			outputPaths = (
			);
			runOnlyForDeploymentPostprocessing = 0;
			shellPath = /bin/sh;
			shellScript = "\"${SRCROOT}/Pods/Target Support Files/Pods/Pods-frameworks.sh\"\n";
			showEnvVarsInLog = 0;
		};
		ABB4AB83555A4763BB5A550B /* Copy Pods Resources */ = {
			isa = PBXShellScriptBuildPhase;
			buildActionMask = 2147483647;
			files = (
			);
			inputPaths = (
			);
			name = "Copy Pods Resources";
			outputPaths = (
			);
			runOnlyForDeploymentPostprocessing = 0;
			shellPath = /bin/sh;
			shellScript = "\"${SRCROOT}/Pods/Target Support Files/Pods/Pods-resources.sh\"\n";
			showEnvVarsInLog = 0;
		};
/* End PBXShellScriptBuildPhase section */

/* Begin PBXSourcesBuildPhase section */
		82F1B3141BA02BC000B4E8F7 /* Sources */ = {
			isa = PBXSourcesBuildPhase;
			buildActionMask = 2147483647;
			files = (
				82F1B3A21BA288D500B4E8F7 /* ActivityPhotoZoomingView.swift in Sources */,
				821E32771BA2CD0C004C2EA4 /* AtViewController.swift in Sources */,
				82F1B3461BA02D4700B4E8F7 /* Activity.swift in Sources */,
				82A0A6CF1BA2A7BA005AD107 /* AtCollectionView.swift in Sources */,
				82F1B3601BA09FE300B4E8F7 /* ActivitiesViewController.swift in Sources */,
				82F1B39A1BA2868700B4E8F7 /* ActivityPhotoCell.swift in Sources */,
				82F1B3211BA02BC000B4E8F7 /* alltuu.xcdatamodeld in Sources */,
				82F1B3671BA0A2EA00B4E8F7 /* ZLSwiftConstDefine.swift in Sources */,
				82A0A6CB1BA2A5D7005AD107 /* ActivityPhotosViewLayout.swift in Sources */,
				82A0A6D11BA2A80E005AD107 /* ActivityPhotosView.swift in Sources */,
				82F1B31E1BA02BC000B4E8F7 /* AppDelegate.swift in Sources */,
				82F1B3471BA02D4700B4E8F7 /* ActivityCell.swift in Sources */,
				82F1B3681BA0A2EA00B4E8F7 /* ZLSwiftFootView.swift in Sources */,
				82A0A6C51BA2A4F6005AD107 /* ActivityPhoto.swift in Sources */,
				82A0A6C91BA2A574005AD107 /* ActivityPhotosViewController.swift in Sources */,
				82F1B3441BA02D4700B4E8F7 /* ActivityView.swift in Sources */,
				82F1B3981BA17DA600B4E8F7 /* Seperate.swift in Sources */,
			);
			runOnlyForDeploymentPostprocessing = 0;
		};
		82F1B32C1BA02BC000B4E8F7 /* Sources */ = {
			isa = PBXSourcesBuildPhase;
			buildActionMask = 2147483647;
			files = (
				82F1B3371BA02BC000B4E8F7 /* alltuuTests.swift in Sources */,
			);
			runOnlyForDeploymentPostprocessing = 0;
		};
/* End PBXSourcesBuildPhase section */

/* Begin PBXTargetDependency section */
		82F1B3321BA02BC000B4E8F7 /* PBXTargetDependency */ = {
			isa = PBXTargetDependency;
			target = 82F1B3171BA02BC000B4E8F7 /* alltuu */;
			targetProxy = 82F1B3311BA02BC000B4E8F7 /* PBXContainerItemProxy */;
		};
/* End PBXTargetDependency section */

/* Begin PBXVariantGroup section */
		82F1B3241BA02BC000B4E8F7 /* Main.storyboard */ = {
			isa = PBXVariantGroup;
			children = (
				82F1B3251BA02BC000B4E8F7 /* Base */,
			);
			name = Main.storyboard;
			sourceTree = "<group>";
		};
/* End PBXVariantGroup section */

/* Begin XCBuildConfiguration section */
		82F1B3381BA02BC000B4E8F7 /* Debug */ = {
			isa = XCBuildConfiguration;
			buildSettings = {
				ALWAYS_SEARCH_USER_PATHS = NO;
				CLANG_CXX_LANGUAGE_STANDARD = "gnu++0x";
				CLANG_CXX_LIBRARY = "libc++";
				CLANG_ENABLE_MODULES = YES;
				CLANG_ENABLE_OBJC_ARC = YES;
				CLANG_WARN_BOOL_CONVERSION = YES;
				CLANG_WARN_CONSTANT_CONVERSION = YES;
				CLANG_WARN_DIRECT_OBJC_ISA_USAGE = YES_ERROR;
				CLANG_WARN_EMPTY_BODY = YES;
				CLANG_WARN_ENUM_CONVERSION = YES;
				CLANG_WARN_INT_CONVERSION = YES;
				CLANG_WARN_OBJC_ROOT_CLASS = YES_ERROR;
				CLANG_WARN_UNREACHABLE_CODE = YES;
				CLANG_WARN__DUPLICATE_METHOD_MATCH = YES;
				"CODE_SIGN_IDENTITY[sdk=iphoneos*]" = "iPhone Developer";
				COPY_PHASE_STRIP = NO;
				DEBUG_INFORMATION_FORMAT = "dwarf-with-dsym";
				ENABLE_STRICT_OBJC_MSGSEND = YES;
				GCC_C_LANGUAGE_STANDARD = gnu99;
				GCC_DYNAMIC_NO_PIC = NO;
				GCC_NO_COMMON_BLOCKS = YES;
				GCC_OPTIMIZATION_LEVEL = 0;
				GCC_PREPROCESSOR_DEFINITIONS = (
					"DEBUG=1",
					"$(inherited)",
				);
				GCC_SYMBOLS_PRIVATE_EXTERN = NO;
				GCC_WARN_64_TO_32_BIT_CONVERSION = YES;
				GCC_WARN_ABOUT_RETURN_TYPE = YES_ERROR;
				GCC_WARN_UNDECLARED_SELECTOR = YES;
				GCC_WARN_UNINITIALIZED_AUTOS = YES_AGGRESSIVE;
				GCC_WARN_UNUSED_FUNCTION = YES;
				GCC_WARN_UNUSED_VARIABLE = YES;
				IPHONEOS_DEPLOYMENT_TARGET = 8.4;
				MTL_ENABLE_DEBUG_INFO = YES;
				ONLY_ACTIVE_ARCH = YES;
				SDKROOT = iphoneos;
				SWIFT_OPTIMIZATION_LEVEL = "-Onone";
				TARGETED_DEVICE_FAMILY = "1,2";
			};
			name = Debug;
		};
		82F1B3391BA02BC000B4E8F7 /* Release */ = {
			isa = XCBuildConfiguration;
			buildSettings = {
				ALWAYS_SEARCH_USER_PATHS = NO;
				CLANG_CXX_LANGUAGE_STANDARD = "gnu++0x";
				CLANG_CXX_LIBRARY = "libc++";
				CLANG_ENABLE_MODULES = YES;
				CLANG_ENABLE_OBJC_ARC = YES;
				CLANG_WARN_BOOL_CONVERSION = YES;
				CLANG_WARN_CONSTANT_CONVERSION = YES;
				CLANG_WARN_DIRECT_OBJC_ISA_USAGE = YES_ERROR;
				CLANG_WARN_EMPTY_BODY = YES;
				CLANG_WARN_ENUM_CONVERSION = YES;
				CLANG_WARN_INT_CONVERSION = YES;
				CLANG_WARN_OBJC_ROOT_CLASS = YES_ERROR;
				CLANG_WARN_UNREACHABLE_CODE = YES;
				CLANG_WARN__DUPLICATE_METHOD_MATCH = YES;
				"CODE_SIGN_IDENTITY[sdk=iphoneos*]" = "iPhone Developer";
				COPY_PHASE_STRIP = NO;
				DEBUG_INFORMATION_FORMAT = "dwarf-with-dsym";
				ENABLE_NS_ASSERTIONS = NO;
				ENABLE_STRICT_OBJC_MSGSEND = YES;
				GCC_C_LANGUAGE_STANDARD = gnu99;
				GCC_NO_COMMON_BLOCKS = YES;
				GCC_WARN_64_TO_32_BIT_CONVERSION = YES;
				GCC_WARN_ABOUT_RETURN_TYPE = YES_ERROR;
				GCC_WARN_UNDECLARED_SELECTOR = YES;
				GCC_WARN_UNINITIALIZED_AUTOS = YES_AGGRESSIVE;
				GCC_WARN_UNUSED_FUNCTION = YES;
				GCC_WARN_UNUSED_VARIABLE = YES;
				IPHONEOS_DEPLOYMENT_TARGET = 8.4;
				MTL_ENABLE_DEBUG_INFO = NO;
				SDKROOT = iphoneos;
				TARGETED_DEVICE_FAMILY = "1,2";
				VALIDATE_PRODUCT = YES;
			};
			name = Release;
		};
		82F1B33B1BA02BC000B4E8F7 /* Debug */ = {
			isa = XCBuildConfiguration;
			baseConfigurationReference = 37237399CD62F383A56A9519 /* Pods.debug.xcconfig */;
			buildSettings = {
				ASSETCATALOG_COMPILER_APPICON_NAME = AppIcon;
				ASSETCATALOG_COMPILER_LAUNCHIMAGE_NAME = LaunchImage;
				EMBEDDED_CONTENT_CONTAINS_SWIFT = NO;
				INFOPLIST_FILE = alltuu/Info.plist;
				IPHONEOS_DEPLOYMENT_TARGET = 8.0;
				LD_RUNPATH_SEARCH_PATHS = "$(inherited) @executable_path/Frameworks";
				PRODUCT_NAME = "$(TARGET_NAME)";
			};
			name = Debug;
		};
		82F1B33C1BA02BC000B4E8F7 /* Release */ = {
			isa = XCBuildConfiguration;
			baseConfigurationReference = DCB93D5F998AD74401A46E1A /* Pods.release.xcconfig */;
			buildSettings = {
				ASSETCATALOG_COMPILER_APPICON_NAME = AppIcon;
				ASSETCATALOG_COMPILER_LAUNCHIMAGE_NAME = LaunchImage;
				EMBEDDED_CONTENT_CONTAINS_SWIFT = NO;
				INFOPLIST_FILE = alltuu/Info.plist;
				IPHONEOS_DEPLOYMENT_TARGET = 8.0;
				LD_RUNPATH_SEARCH_PATHS = "$(inherited) @executable_path/Frameworks";
				PRODUCT_NAME = "$(TARGET_NAME)";
			};
			name = Release;
		};
		82F1B33E1BA02BC000B4E8F7 /* Debug */ = {
			isa = XCBuildConfiguration;
			buildSettings = {
				BUNDLE_LOADER = "$(TEST_HOST)";
				FRAMEWORK_SEARCH_PATHS = (
					"$(SDKROOT)/Developer/Library/Frameworks",
					"$(inherited)",
				);
				GCC_PREPROCESSOR_DEFINITIONS = (
					"DEBUG=1",
					"$(inherited)",
				);
				INFOPLIST_FILE = alltuuTests/Info.plist;
				LD_RUNPATH_SEARCH_PATHS = "$(inherited) @executable_path/Frameworks @loader_path/Frameworks";
				PRODUCT_NAME = "$(TARGET_NAME)";
				TEST_HOST = "$(BUILT_PRODUCTS_DIR)/alltuu.app/alltuu";
			};
			name = Debug;
		};
		82F1B33F1BA02BC000B4E8F7 /* Release */ = {
			isa = XCBuildConfiguration;
			buildSettings = {
				BUNDLE_LOADER = "$(TEST_HOST)";
				FRAMEWORK_SEARCH_PATHS = (
					"$(SDKROOT)/Developer/Library/Frameworks",
					"$(inherited)",
				);
				INFOPLIST_FILE = alltuuTests/Info.plist;
				LD_RUNPATH_SEARCH_PATHS = "$(inherited) @executable_path/Frameworks @loader_path/Frameworks";
				PRODUCT_NAME = "$(TARGET_NAME)";
				TEST_HOST = "$(BUILT_PRODUCTS_DIR)/alltuu.app/alltuu";
			};
			name = Release;
		};
/* End XCBuildConfiguration section */

/* Begin XCConfigurationList section */
		82F1B3131BA02BC000B4E8F7 /* Build configuration list for PBXProject "alltuu" */ = {
			isa = XCConfigurationList;
			buildConfigurations = (
				82F1B3381BA02BC000B4E8F7 /* Debug */,
				82F1B3391BA02BC000B4E8F7 /* Release */,
			);
			defaultConfigurationIsVisible = 0;
			defaultConfigurationName = Release;
		};
		82F1B33A1BA02BC000B4E8F7 /* Build configuration list for PBXNativeTarget "alltuu" */ = {
			isa = XCConfigurationList;
			buildConfigurations = (
				82F1B33B1BA02BC000B4E8F7 /* Debug */,
				82F1B33C1BA02BC000B4E8F7 /* Release */,
			);
			defaultConfigurationIsVisible = 0;
			defaultConfigurationName = Release;
		};
		82F1B33D1BA02BC000B4E8F7 /* Build configuration list for PBXNativeTarget "alltuuTests" */ = {
			isa = XCConfigurationList;
			buildConfigurations = (
				82F1B33E1BA02BC000B4E8F7 /* Debug */,
				82F1B33F1BA02BC000B4E8F7 /* Release */,
			);
			defaultConfigurationIsVisible = 0;
			defaultConfigurationName = Release;
		};
/* End XCConfigurationList section */

/* Begin XCVersionGroup section */
		82F1B31F1BA02BC000B4E8F7 /* alltuu.xcdatamodeld */ = {
			isa = XCVersionGroup;
			children = (
				82F1B3201BA02BC000B4E8F7 /* alltuu.xcdatamodel */,
			);
			currentVersion = 82F1B3201BA02BC000B4E8F7 /* alltuu.xcdatamodel */;
			path = alltuu.xcdatamodeld;
			sourceTree = "<group>";
			versionGroupType = wrapper.xcdatamodel;
		};
/* End XCVersionGroup section */
	};
	rootObject = 82F1B3101BA02BC000B4E8F7 /* Project object */;
}
